
Microsoft Visual Studio Solution File, Format Version 12.00
# Visual Studio Version 17
VisualStudioVersion = 17.9.34714.143
MinimumVisualStudioVersion = 10.0.40219.1
Project("{FAE04EC0-301F-11D3-BF4B-00C04F79EFBC}") = "MyScheduler", "MyScheduler\MyScheduler.csproj", "{E41BE997-590F-4B14-A835-52E238299890}"
EndProject
Global
	GlobalSection(SolutionConfigurationPlatforms) = preSolution
		Debug|Any CPU = Debug|Any CPU
		Release|Any CPU = Release|Any CPU
	EndGlobalSection
	GlobalSection(ProjectConfigurationPlatforms) = postSolution
		{E41BE997-590F-4B14-A835-52E238299890}.Debug|Any CPU.ActiveCfg = Debug|Any CPU
		{E41BE997-590F-4B14-A835-52E238299890}.Debug|Any CPU.Build.0 = Debug|Any CPU
		{E41BE997-590F-4B14-A835-52E238299890}.Release|Any CPU.ActiveCfg = Release|Any CPU
		{E41BE997-590F-4B14-A835-52E238299890}.Release|Any CPU.Build.0 = Release|Any CPU
	EndGlobalSection
	GlobalSection(SolutionProperties) = preSolution
		HideSolutionNode = FALSE
	EndGlobalSection
	GlobalSection(ExtensibilityGlobals) = postSolution
		SolutionGuid = {F853E2B8-74A7-4C00-B151-0D7704D408C7}
	EndGlobalSection
EndGlobal
